
Microsoft Visual Studio Solution File, Format Version 12.00
# Visual Studio Version 17
VisualStudioVersion = 17.9.34616.47
MinimumVisualStudioVersion = 10.0.40219.1
Project("{FAE04EC0-301F-11D3-BF4B-00C04F79EFBC}") = "WebApp", "WebApp\WebApp.csproj", "{3F797A86-D479-4AEF-A565-1689720A84B8}"
EndProject
Global
	GlobalSection(SolutionConfigurationPlatforms) = preSolution
		Debug|Any CPU = Debug|Any CPU
		Release|Any CPU = Release|Any CPU
	EndGlobalSection
	GlobalSection(ProjectConfigurationPlatforms) = postSolution
		{3F797A86-D479-4AEF-A565-1689720A84B8}.Debug|Any CPU.ActiveCfg = Debug|Any CPU
		{3F797A86-D479-4AEF-A565-1689720A84B8}.Debug|Any CPU.Build.0 = Debug|Any CPU
		{3F797A86-D479-4AEF-A565-1689720A84B8}.Release|Any CPU.ActiveCfg = Release|Any CPU
		{3F797A86-D479-4AEF-A565-1689720A84B8}.Release|Any CPU.Build.0 = Release|Any CPU
	EndGlobalSection
	GlobalSection(SolutionProperties) = preSolution
		HideSolutionNode = FALSE
	EndGlobalSection
	GlobalSection(ExtensibilityGlobals) = postSolution
		SolutionGuid = {EC9F4A42-2F59-4997-9707-FFAC573831DF}
	EndGlobalSection
EndGlobal
